
Microsoft Visual Studio Solution File, Format Version 12.00
# Visual Studio Version 16
VisualStudioVersion = 16.0.28606.126
MinimumVisualStudioVersion = 10.0.40219.1
Project("{2150E333-8FDC-42A3-9474-1A3956D46DE8}") = "src", "src", "{20E4F45A-93AD-4D07-973E-3C55CA040B89}"
EndProject
Project("{2150E333-8FDC-42A3-9474-1A3956D46DE8}") = "test", "test", "{09C26639-5C8F-48D3-B94E-6D4BFFEB8636}"
EndProject
Project("{9A19103F-16F7-4668-BE54-9A1E7A4F7556}") = "DotvvmAcademy.Validation.CSharp.Tests", "test\DotvvmAcademy.Validation.CSharp.Tests\DotvvmAcademy.Validation.CSharp.Tests.csproj", "{F2AE6A26-CF93-421B-A7B5-8FCDE88DA0B7}"
EndProject
Project("{9A19103F-16F7-4668-BE54-9A1E7A4F7556}") = "DotvvmAcademy.Validation.CSharp.Experiments", "test\DotvvmAcademy.Validation.CSharp.Experiments\DotvvmAcademy.Validation.CSharp.Experiments.csproj", "{0A1C3144-F372-4A80-B392-9454733D91C4}"
EndProject
Project("{9A19103F-16F7-4668-BE54-9A1E7A4F7556}") = "DotvvmAcademy.CourseFormat.Tests", "test\DotvvmAcademy.CourseFormat.Tests\DotvvmAcademy.CourseFormat.Tests.csproj", "{32B23867-2724-418F-8D67-B8544ED64FE2}"
EndProject
Project("{9A19103F-16F7-4668-BE54-9A1E7A4F7556}") = "DotvvmAcademy.Validation.Dothtml.Experiments", "test\DotvvmAcademy.Validation.Dothtml.Experiments\DotvvmAcademy.Validation.Dothtml.Experiments.csproj", "{BBAB131F-F0B4-493D-AA46-F4E140D0B87E}"
EndProject
Project("{9A19103F-16F7-4668-BE54-9A1E7A4F7556}") = "DotvvmAcademy.Web", "src\DotvvmAcademy.Web\DotvvmAcademy.Web.csproj", "{C9FBBCB3-57A8-4B09-9B13-2A74DE8934D1}"
EndProject
Project("{9A19103F-16F7-4668-BE54-9A1E7A4F7556}") = "DotvvmAcademy.Validation.Dothtml.Tests", "test\DotvvmAcademy.Validation.Dothtml.Tests\DotvvmAcademy.Validation.Dothtml.Tests.csproj", "{8BCD9982-CDD3-48AC-B344-6C0900854329}"
EndProject
Project("{9A19103F-16F7-4668-BE54-9A1E7A4F7556}") = "DotvvmAcademy.Meta", "src\DotvvmAcademy.Meta\DotvvmAcademy.Meta.csproj", "{817C1ADA-BECC-4121-BEDF-59DF68493329}"
EndProject
Project("{9A19103F-16F7-4668-BE54-9A1E7A4F7556}") = "DotvvmAcademy.Meta.Tests", "test\DotvvmAcademy.Meta.Tests\DotvvmAcademy.Meta.Tests.csproj", "{290DDECE-2044-44E9-A619-DE69250EE128}"
EndProject
Project("{2150E333-8FDC-42A3-9474-1A3956D46DE8}") = "Solution Items", "Solution Items", "{12D8A071-926B-4F0B-9AFA-C69C172C5353}"
	ProjectSection(SolutionItems) = preProject
		.editorconfig = .editorconfig
		.gitignore = .gitignore
		README.md = README.md
	EndProjectSection
EndProject
Project("{9A19103F-16F7-4668-BE54-9A1E7A4F7556}") = "DotvvmAcademy.CourseFormat", "src\DotvvmAcademy.CourseFormat\DotvvmAcademy.CourseFormat.csproj", "{310C52A4-5AAF-492C-868F-DC8FF97173EE}"
EndProject
Project("{9A19103F-16F7-4668-BE54-9A1E7A4F7556}") = "DotvvmAcademy.Validation", "src\DotvvmAcademy.Validation\DotvvmAcademy.Validation.csproj", "{55BF8D62-38CD-4CC3-9B4B-A7AB339C80F1}"
EndProject
Project("{9A19103F-16F7-4668-BE54-9A1E7A4F7556}") = "DotvvmAcademy.Validation.CSharp", "src\DotvvmAcademy.Validation.CSharp\DotvvmAcademy.Validation.CSharp.csproj", "{3B92EDC3-D884-4EDB-810F-98365D0EFE89}"
EndProject
Project("{9A19103F-16F7-4668-BE54-9A1E7A4F7556}") = "DotvvmAcademy.Validation.Dothtml", "src\DotvvmAcademy.Validation.Dothtml\DotvvmAcademy.Validation.Dothtml.csproj", "{DB83A6CD-769F-480D-B51C-4639F3C67070}"
EndProject
Project("{9A19103F-16F7-4668-BE54-9A1E7A4F7556}") = "DotvvmAcademy.CourseFormat.Sandbox", "src\DotvvmAcademy.CourseFormat.Sandbox\DotvvmAcademy.CourseFormat.Sandbox.csproj", "{88E8A000-7B9F-41B0-8319-F8926A803B03}"
EndProject
Project("{9A19103F-16F7-4668-BE54-9A1E7A4F7556}") = "DotvvmAcademy.Benchmarks", "test\DotvvmAcademy.Benchmarks\DotvvmAcademy.Benchmarks.csproj", "{2738A9A5-496D-469F-BA2A-D79AE8A6E34B}"
EndProject
Global
	GlobalSection(SolutionConfigurationPlatforms) = preSolution
		Debug|Any CPU = Debug|Any CPU
		Debug|x64 = Debug|x64
		Debug|x86 = Debug|x86
		Release|Any CPU = Release|Any CPU
		Release|x64 = Release|x64
		Release|x86 = Release|x86
	EndGlobalSection
	GlobalSection(ProjectConfigurationPlatforms) = postSolution
		{F2AE6A26-CF93-421B-A7B5-8FCDE88DA0B7}.Debug|Any CPU.ActiveCfg = Debug|Any CPU
		{F2AE6A26-CF93-421B-A7B5-8FCDE88DA0B7}.Debug|Any CPU.Build.0 = Debug|Any CPU
		{F2AE6A26-CF93-421B-A7B5-8FCDE88DA0B7}.Debug|x64.ActiveCfg = Debug|Any CPU
		{F2AE6A26-CF93-421B-A7B5-8FCDE88DA0B7}.Debug|x64.Build.0 = Debug|Any CPU
		{F2AE6A26-CF93-421B-A7B5-8FCDE88DA0B7}.Debug|x86.ActiveCfg = Debug|Any CPU
		{F2AE6A26-CF93-421B-A7B5-8FCDE88DA0B7}.Debug|x86.Build.0 = Debug|Any CPU
		{F2AE6A26-CF93-421B-A7B5-8FCDE88DA0B7}.Release|Any CPU.ActiveCfg = Release|Any CPU
		{F2AE6A26-CF93-421B-A7B5-8FCDE88DA0B7}.Release|Any CPU.Build.0 = Release|Any CPU
		{F2AE6A26-CF93-421B-A7B5-8FCDE88DA0B7}.Release|x64.ActiveCfg = Release|Any CPU
		{F2AE6A26-CF93-421B-A7B5-8FCDE88DA0B7}.Release|x64.Build.0 = Release|Any CPU
		{F2AE6A26-CF93-421B-A7B5-8FCDE88DA0B7}.Release|x86.ActiveCfg = Release|Any CPU
		{F2AE6A26-CF93-421B-A7B5-8FCDE88DA0B7}.Release|x86.Build.0 = Release|Any CPU
		{0A1C3144-F372-4A80-B392-9454733D91C4}.Debug|Any CPU.ActiveCfg = Debug|Any CPU
		{0A1C3144-F372-4A80-B392-9454733D91C4}.Debug|Any CPU.Build.0 = Debug|Any CPU
		{0A1C3144-F372-4A80-B392-9454733D91C4}.Debug|x64.ActiveCfg = Debug|Any CPU
		{0A1C3144-F372-4A80-B392-9454733D91C4}.Debug|x64.Build.0 = Debug|Any CPU
		{0A1C3144-F372-4A80-B392-9454733D91C4}.Debug|x86.ActiveCfg = Debug|Any CPU
		{0A1C3144-F372-4A80-B392-9454733D91C4}.Debug|x86.Build.0 = Debug|Any CPU
		{0A1C3144-F372-4A80-B392-9454733D91C4}.Release|Any CPU.ActiveCfg = Release|Any CPU
		{0A1C3144-F372-4A80-B392-9454733D91C4}.Release|Any CPU.Build.0 = Release|Any CPU
		{0A1C3144-F372-4A80-B392-9454733D91C4}.Release|x64.ActiveCfg = Release|Any CPU
		{0A1C3144-F372-4A80-B392-9454733D91C4}.Release|x64.Build.0 = Release|Any CPU
		{0A1C3144-F372-4A80-B392-9454733D91C4}.Release|x86.ActiveCfg = Release|Any CPU
		{0A1C3144-F372-4A80-B392-9454733D91C4}.Release|x86.Build.0 = Release|Any CPU
		{32B23867-2724-418F-8D67-B8544ED64FE2}.Debug|Any CPU.ActiveCfg = Debug|Any CPU
		{32B23867-2724-418F-8D67-B8544ED64FE2}.Debug|Any CPU.Build.0 = Debug|Any CPU
		{32B23867-2724-418F-8D67-B8544ED64FE2}.Debug|x64.ActiveCfg = Debug|Any CPU
		{32B23867-2724-418F-8D67-B8544ED64FE2}.Debug|x64.Build.0 = Debug|Any CPU
		{32B23867-2724-418F-8D67-B8544ED64FE2}.Debug|x86.ActiveCfg = Debug|Any CPU
		{32B23867-2724-418F-8D67-B8544ED64FE2}.Debug|x86.Build.0 = Debug|Any CPU
		{32B23867-2724-418F-8D67-B8544ED64FE2}.Release|Any CPU.ActiveCfg = Release|Any CPU
		{32B23867-2724-418F-8D67-B8544ED64FE2}.Release|Any CPU.Build.0 = Release|Any CPU
		{32B23867-2724-418F-8D67-B8544ED64FE2}.Release|x64.ActiveCfg = Release|Any CPU
		{32B23867-2724-418F-8D67-B8544ED64FE2}.Release|x64.Build.0 = Release|Any CPU
		{32B23867-2724-418F-8D67-B8544ED64FE2}.Release|x86.ActiveCfg = Release|Any CPU
		{32B23867-2724-418F-8D67-B8544ED64FE2}.Release|x86.Build.0 = Release|Any CPU
		{BBAB131F-F0B4-493D-AA46-F4E140D0B87E}.Debug|Any CPU.ActiveCfg = Debug|Any CPU
		{BBAB131F-F0B4-493D-AA46-F4E140D0B87E}.Debug|Any CPU.Build.0 = Debug|Any CPU
		{BBAB131F-F0B4-493D-AA46-F4E140D0B87E}.Debug|x64.ActiveCfg = Debug|Any CPU
		{BBAB131F-F0B4-493D-AA46-F4E140D0B87E}.Debug|x64.Build.0 = Debug|Any CPU
		{BBAB131F-F0B4-493D-AA46-F4E140D0B87E}.Debug|x86.ActiveCfg = Debug|Any CPU
		{BBAB131F-F0B4-493D-AA46-F4E140D0B87E}.Debug|x86.Build.0 = Debug|Any CPU
		{BBAB131F-F0B4-493D-AA46-F4E140D0B87E}.Release|Any CPU.ActiveCfg = Release|Any CPU
		{BBAB131F-F0B4-493D-AA46-F4E140D0B87E}.Release|Any CPU.Build.0 = Release|Any CPU
		{BBAB131F-F0B4-493D-AA46-F4E140D0B87E}.Release|x64.ActiveCfg = Release|Any CPU
		{BBAB131F-F0B4-493D-AA46-F4E140D0B87E}.Release|x64.Build.0 = Release|Any CPU
		{BBAB131F-F0B4-493D-AA46-F4E140D0B87E}.Release|x86.ActiveCfg = Release|Any CPU
		{BBAB131F-F0B4-493D-AA46-F4E140D0B87E}.Release|x86.Build.0 = Release|Any CPU
		{C9FBBCB3-57A8-4B09-9B13-2A74DE8934D1}.Debug|Any CPU.ActiveCfg = Debug|Any CPU
		{C9FBBCB3-57A8-4B09-9B13-2A74DE8934D1}.Debug|Any CPU.Build.0 = Debug|Any CPU
		{C9FBBCB3-57A8-4B09-9B13-2A74DE8934D1}.Debug|x64.ActiveCfg = Debug|Any CPU
		{C9FBBCB3-57A8-4B09-9B13-2A74DE8934D1}.Debug|x64.Build.0 = Debug|Any CPU
		{C9FBBCB3-57A8-4B09-9B13-2A74DE8934D1}.Debug|x86.ActiveCfg = Debug|Any CPU
		{C9FBBCB3-57A8-4B09-9B13-2A74DE8934D1}.Debug|x86.Build.0 = Debug|Any CPU
		{C9FBBCB3-57A8-4B09-9B13-2A74DE8934D1}.Release|Any CPU.ActiveCfg = Release|Any CPU
		{C9FBBCB3-57A8-4B09-9B13-2A74DE8934D1}.Release|Any CPU.Build.0 = Release|Any CPU
		{C9FBBCB3-57A8-4B09-9B13-2A74DE8934D1}.Release|x64.ActiveCfg = Release|Any CPU
		{C9FBBCB3-57A8-4B09-9B13-2A74DE8934D1}.Release|x64.Build.0 = Release|Any CPU
		{C9FBBCB3-57A8-4B09-9B13-2A74DE8934D1}.Release|x86.ActiveCfg = Release|Any CPU
		{C9FBBCB3-57A8-4B09-9B13-2A74DE8934D1}.Release|x86.Build.0 = Release|Any CPU
		{8BCD9982-CDD3-48AC-B344-6C0900854329}.Debug|Any CPU.ActiveCfg = Debug|Any CPU
		{8BCD9982-CDD3-48AC-B344-6C0900854329}.Debug|Any CPU.Build.0 = Debug|Any CPU
		{8BCD9982-CDD3-48AC-B344-6C0900854329}.Debug|x64.ActiveCfg = Debug|Any CPU
		{8BCD9982-CDD3-48AC-B344-6C0900854329}.Debug|x64.Build.0 = Debug|Any CPU
		{8BCD9982-CDD3-48AC-B344-6C0900854329}.Debug|x86.ActiveCfg = Debug|Any CPU
		{8BCD9982-CDD3-48AC-B344-6C0900854329}.Debug|x86.Build.0 = Debug|Any CPU
		{8BCD9982-CDD3-48AC-B344-6C0900854329}.Release|Any CPU.ActiveCfg = Release|Any CPU
		{8BCD9982-CDD3-48AC-B344-6C0900854329}.Release|Any CPU.Build.0 = Release|Any CPU
		{8BCD9982-CDD3-48AC-B344-6C0900854329}.Release|x64.ActiveCfg = Release|Any CPU
		{8BCD9982-CDD3-48AC-B344-6C0900854329}.Release|x64.Build.0 = Release|Any CPU
		{8BCD9982-CDD3-48AC-B344-6C0900854329}.Release|x86.ActiveCfg = Release|Any CPU
		{8BCD9982-CDD3-48AC-B344-6C0900854329}.Release|x86.Build.0 = Release|Any CPU
		{817C1ADA-BECC-4121-BEDF-59DF68493329}.Debug|Any CPU.ActiveCfg = Debug|Any CPU
		{817C1ADA-BECC-4121-BEDF-59DF68493329}.Debug|Any CPU.Build.0 = Debug|Any CPU
		{817C1ADA-BECC-4121-BEDF-59DF68493329}.Debug|x64.ActiveCfg = Debug|Any CPU
		{817C1ADA-BECC-4121-BEDF-59DF68493329}.Debug|x64.Build.0 = Debug|Any CPU
		{817C1ADA-BECC-4121-BEDF-59DF68493329}.Debug|x86.ActiveCfg = Debug|Any CPU
		{817C1ADA-BECC-4121-BEDF-59DF68493329}.Debug|x86.Build.0 = Debug|Any CPU
		{817C1ADA-BECC-4121-BEDF-59DF68493329}.Release|Any CPU.ActiveCfg = Release|Any CPU
		{817C1ADA-BECC-4121-BEDF-59DF68493329}.Release|Any CPU.Build.0 = Release|Any CPU
		{817C1ADA-BECC-4121-BEDF-59DF68493329}.Release|x64.ActiveCfg = Release|Any CPU
		{817C1ADA-BECC-4121-BEDF-59DF68493329}.Release|x64.Build.0 = Release|Any CPU
		{817C1ADA-BECC-4121-BEDF-59DF68493329}.Release|x86.ActiveCfg = Release|Any CPU
		{817C1ADA-BECC-4121-BEDF-59DF68493329}.Release|x86.Build.0 = Release|Any CPU
		{290DDECE-2044-44E9-A619-DE69250EE128}.Debug|Any CPU.ActiveCfg = Debug|Any CPU
		{290DDECE-2044-44E9-A619-DE69250EE128}.Debug|Any CPU.Build.0 = Debug|Any CPU
		{290DDECE-2044-44E9-A619-DE69250EE128}.Debug|x64.ActiveCfg = Debug|Any CPU
		{290DDECE-2044-44E9-A619-DE69250EE128}.Debug|x64.Build.0 = Debug|Any CPU
		{290DDECE-2044-44E9-A619-DE69250EE128}.Debug|x86.ActiveCfg = Debug|Any CPU
		{290DDECE-2044-44E9-A619-DE69250EE128}.Debug|x86.Build.0 = Debug|Any CPU
		{290DDECE-2044-44E9-A619-DE69250EE128}.Release|Any CPU.ActiveCfg = Release|Any CPU
		{290DDECE-2044-44E9-A619-DE69250EE128}.Release|Any CPU.Build.0 = Release|Any CPU
		{290DDECE-2044-44E9-A619-DE69250EE128}.Release|x64.ActiveCfg = Release|Any CPU
		{290DDECE-2044-44E9-A619-DE69250EE128}.Release|x64.Build.0 = Release|Any CPU
		{290DDECE-2044-44E9-A619-DE69250EE128}.Release|x86.ActiveCfg = Release|Any CPU
		{290DDECE-2044-44E9-A619-DE69250EE128}.Release|x86.Build.0 = Release|Any CPU
		{310C52A4-5AAF-492C-868F-DC8FF97173EE}.Debug|Any CPU.ActiveCfg = Debug|Any CPU
		{310C52A4-5AAF-492C-868F-DC8FF97173EE}.Debug|Any CPU.Build.0 = Debug|Any CPU
		{310C52A4-5AAF-492C-868F-DC8FF97173EE}.Debug|x64.ActiveCfg = Debug|Any CPU
		{310C52A4-5AAF-492C-868F-DC8FF97173EE}.Debug|x64.Build.0 = Debug|Any CPU
		{310C52A4-5AAF-492C-868F-DC8FF97173EE}.Debug|x86.ActiveCfg = Debug|Any CPU
		{310C52A4-5AAF-492C-868F-DC8FF97173EE}.Debug|x86.Build.0 = Debug|Any CPU
		{310C52A4-5AAF-492C-868F-DC8FF97173EE}.Release|Any CPU.ActiveCfg = Release|Any CPU
		{310C52A4-5AAF-492C-868F-DC8FF97173EE}.Release|Any CPU.Build.0 = Release|Any CPU
		{310C52A4-5AAF-492C-868F-DC8FF97173EE}.Release|x64.ActiveCfg = Release|Any CPU
		{310C52A4-5AAF-492C-868F-DC8FF97173EE}.Release|x64.Build.0 = Release|Any CPU
		{310C52A4-5AAF-492C-868F-DC8FF97173EE}.Release|x86.ActiveCfg = Release|Any CPU
		{310C52A4-5AAF-492C-868F-DC8FF97173EE}.Release|x86.Build.0 = Release|Any CPU
		{55BF8D62-38CD-4CC3-9B4B-A7AB339C80F1}.Debug|Any CPU.ActiveCfg = Debug|Any CPU
		{55BF8D62-38CD-4CC3-9B4B-A7AB339C80F1}.Debug|Any CPU.Build.0 = Debug|Any CPU
		{55BF8D62-38CD-4CC3-9B4B-A7AB339C80F1}.Debug|x64.ActiveCfg = Debug|Any CPU
		{55BF8D62-38CD-4CC3-9B4B-A7AB339C80F1}.Debug|x64.Build.0 = Debug|Any CPU
		{55BF8D62-38CD-4CC3-9B4B-A7AB339C80F1}.Debug|x86.ActiveCfg = Debug|Any CPU
		{55BF8D62-38CD-4CC3-9B4B-A7AB339C80F1}.Debug|x86.Build.0 = Debug|Any CPU
		{55BF8D62-38CD-4CC3-9B4B-A7AB339C80F1}.Release|Any CPU.ActiveCfg = Release|Any CPU
		{55BF8D62-38CD-4CC3-9B4B-A7AB339C80F1}.Release|Any CPU.Build.0 = Release|Any CPU
		{55BF8D62-38CD-4CC3-9B4B-A7AB339C80F1}.Release|x64.ActiveCfg = Release|Any CPU
		{55BF8D62-38CD-4CC3-9B4B-A7AB339C80F1}.Release|x64.Build.0 = Release|Any CPU
		{55BF8D62-38CD-4CC3-9B4B-A7AB339C80F1}.Release|x86.ActiveCfg = Release|Any CPU
		{55BF8D62-38CD-4CC3-9B4B-A7AB339C80F1}.Release|x86.Build.0 = Release|Any CPU
		{3B92EDC3-D884-4EDB-810F-98365D0EFE89}.Debug|Any CPU.ActiveCfg = Debug|Any CPU
		{3B92EDC3-D884-4EDB-810F-98365D0EFE89}.Debug|Any CPU.Build.0 = Debug|Any CPU
		{3B92EDC3-D884-4EDB-810F-98365D0EFE89}.Debug|x64.ActiveCfg = Debug|Any CPU
		{3B92EDC3-D884-4EDB-810F-98365D0EFE89}.Debug|x64.Build.0 = Debug|Any CPU
		{3B92EDC3-D884-4EDB-810F-98365D0EFE89}.Debug|x86.ActiveCfg = Debug|Any CPU
		{3B92EDC3-D884-4EDB-810F-98365D0EFE89}.Debug|x86.Build.0 = Debug|Any CPU
		{3B92EDC3-D884-4EDB-810F-98365D0EFE89}.Release|Any CPU.ActiveCfg = Release|Any CPU
		{3B92EDC3-D884-4EDB-810F-98365D0EFE89}.Release|Any CPU.Build.0 = Release|Any CPU
		{3B92EDC3-D884-4EDB-810F-98365D0EFE89}.Release|x64.ActiveCfg = Release|Any CPU
		{3B92EDC3-D884-4EDB-810F-98365D0EFE89}.Release|x64.Build.0 = Release|Any CPU
		{3B92EDC3-D884-4EDB-810F-98365D0EFE89}.Release|x86.ActiveCfg = Release|Any CPU
		{3B92EDC3-D884-4EDB-810F-98365D0EFE89}.Release|x86.Build.0 = Release|Any CPU
		{DB83A6CD-769F-480D-B51C-4639F3C67070}.Debug|Any CPU.ActiveCfg = Debug|Any CPU
		{DB83A6CD-769F-480D-B51C-4639F3C67070}.Debug|Any CPU.Build.0 = Debug|Any CPU
		{DB83A6CD-769F-480D-B51C-4639F3C67070}.Debug|x64.ActiveCfg = Debug|Any CPU
		{DB83A6CD-769F-480D-B51C-4639F3C67070}.Debug|x64.Build.0 = Debug|Any CPU
		{DB83A6CD-769F-480D-B51C-4639F3C67070}.Debug|x86.ActiveCfg = Debug|Any CPU
		{DB83A6CD-769F-480D-B51C-4639F3C67070}.Debug|x86.Build.0 = Debug|Any CPU
		{DB83A6CD-769F-480D-B51C-4639F3C67070}.Release|Any CPU.ActiveCfg = Release|Any CPU
		{DB83A6CD-769F-480D-B51C-4639F3C67070}.Release|Any CPU.Build.0 = Release|Any CPU
		{DB83A6CD-769F-480D-B51C-4639F3C67070}.Release|x64.ActiveCfg = Release|Any CPU
		{DB83A6CD-769F-480D-B51C-4639F3C67070}.Release|x64.Build.0 = Release|Any CPU
		{DB83A6CD-769F-480D-B51C-4639F3C67070}.Release|x86.ActiveCfg = Release|Any CPU
		{DB83A6CD-769F-480D-B51C-4639F3C67070}.Release|x86.Build.0 = Release|Any CPU
		{88E8A000-7B9F-41B0-8319-F8926A803B03}.Debug|Any CPU.ActiveCfg = Debug|Any CPU
		{88E8A000-7B9F-41B0-8319-F8926A803B03}.Debug|Any CPU.Build.0 = Debug|Any CPU
		{88E8A000-7B9F-41B0-8319-F8926A803B03}.Debug|x64.ActiveCfg = Debug|Any CPU
		{88E8A000-7B9F-41B0-8319-F8926A803B03}.Debug|x64.Build.0 = Debug|Any CPU
		{88E8A000-7B9F-41B0-8319-F8926A803B03}.Debug|x86.ActiveCfg = Debug|Any CPU
		{88E8A000-7B9F-41B0-8319-F8926A803B03}.Debug|x86.Build.0 = Debug|Any CPU
		{88E8A000-7B9F-41B0-8319-F8926A803B03}.Release|Any CPU.ActiveCfg = Release|Any CPU
		{88E8A000-7B9F-41B0-8319-F8926A803B03}.Release|Any CPU.Build.0 = Release|Any CPU
		{88E8A000-7B9F-41B0-8319-F8926A803B03}.Release|x64.ActiveCfg = Release|Any CPU
		{88E8A000-7B9F-41B0-8319-F8926A803B03}.Release|x64.Build.0 = Release|Any CPU
		{88E8A000-7B9F-41B0-8319-F8926A803B03}.Release|x86.ActiveCfg = Release|Any CPU
		{88E8A000-7B9F-41B0-8319-F8926A803B03}.Release|x86.Build.0 = Release|Any CPU
		{2738A9A5-496D-469F-BA2A-D79AE8A6E34B}.Debug|Any CPU.ActiveCfg = Debug|Any CPU
		{2738A9A5-496D-469F-BA2A-D79AE8A6E34B}.Debug|Any CPU.Build.0 = Debug|Any CPU
		{2738A9A5-496D-469F-BA2A-D79AE8A6E34B}.Debug|x64.ActiveCfg = Debug|Any CPU
		{2738A9A5-496D-469F-BA2A-D79AE8A6E34B}.Debug|x64.Build.0 = Debug|Any CPU
		{2738A9A5-496D-469F-BA2A-D79AE8A6E34B}.Debug|x86.ActiveCfg = Debug|Any CPU
		{2738A9A5-496D-469F-BA2A-D79AE8A6E34B}.Debug|x86.Build.0 = Debug|Any CPU
		{2738A9A5-496D-469F-BA2A-D79AE8A6E34B}.Release|Any CPU.ActiveCfg = Release|Any CPU
		{2738A9A5-496D-469F-BA2A-D79AE8A6E34B}.Release|Any CPU.Build.0 = Release|Any CPU
		{2738A9A5-496D-469F-BA2A-D79AE8A6E34B}.Release|x64.ActiveCfg = Release|Any CPU
		{2738A9A5-496D-469F-BA2A-D79AE8A6E34B}.Release|x64.Build.0 = Release|Any CPU
		{2738A9A5-496D-469F-BA2A-D79AE8A6E34B}.Release|x86.ActiveCfg = Release|Any CPU
		{2738A9A5-496D-469F-BA2A-D79AE8A6E34B}.Release|x86.Build.0 = Release|Any CPU
	EndGlobalSection
	GlobalSection(SolutionProperties) = preSolution
		HideSolutionNode = FALSE
	EndGlobalSection
	GlobalSection(NestedProjects) = preSolution
		{F2AE6A26-CF93-421B-A7B5-8FCDE88DA0B7} = {09C26639-5C8F-48D3-B94E-6D4BFFEB8636}
		{0A1C3144-F372-4A80-B392-9454733D91C4} = {09C26639-5C8F-48D3-B94E-6D4BFFEB8636}
		{32B23867-2724-418F-8D67-B8544ED64FE2} = {09C26639-5C8F-48D3-B94E-6D4BFFEB8636}
		{BBAB131F-F0B4-493D-AA46-F4E140D0B87E} = {09C26639-5C8F-48D3-B94E-6D4BFFEB8636}
		{C9FBBCB3-57A8-4B09-9B13-2A74DE8934D1} = {20E4F45A-93AD-4D07-973E-3C55CA040B89}
		{8BCD9982-CDD3-48AC-B344-6C0900854329} = {09C26639-5C8F-48D3-B94E-6D4BFFEB8636}
		{817C1ADA-BECC-4121-BEDF-59DF68493329} = {20E4F45A-93AD-4D07-973E-3C55CA040B89}
		{290DDECE-2044-44E9-A619-DE69250EE128} = {09C26639-5C8F-48D3-B94E-6D4BFFEB8636}
		{310C52A4-5AAF-492C-868F-DC8FF97173EE} = {20E4F45A-93AD-4D07-973E-3C55CA040B89}
		{55BF8D62-38CD-4CC3-9B4B-A7AB339C80F1} = {20E4F45A-93AD-4D07-973E-3C55CA040B89}
		{3B92EDC3-D884-4EDB-810F-98365D0EFE89} = {20E4F45A-93AD-4D07-973E-3C55CA040B89}
		{DB83A6CD-769F-480D-B51C-4639F3C67070} = {20E4F45A-93AD-4D07-973E-3C55CA040B89}
		{88E8A000-7B9F-41B0-8319-F8926A803B03} = {20E4F45A-93AD-4D07-973E-3C55CA040B89}
		{2738A9A5-496D-469F-BA2A-D79AE8A6E34B} = {09C26639-5C8F-48D3-B94E-6D4BFFEB8636}
	EndGlobalSection
	GlobalSection(ExtensibilityGlobals) = postSolution
		SolutionGuid = {3363B753-6091-4DB8-B5E7-679817C210B0}
	EndGlobalSection
	GlobalSection(SubversionScc) = preSolution
		Svn-Managed = True
		Manager = AnkhSVN - Subversion Support for Visual Studio
	EndGlobalSection
EndGlobal
