Microsoft Visual Studio Solution File, Format Version 12.00
# Visual Studio 15
VisualStudioVersion = 15.0.27130.2027
MinimumVisualStudioVersion = 10.0.40219.1
Project("{2150E333-8FDC-42A3-9474-1A3956D46DE8}") = "src", "src", "{20E4F45A-93AD-4D07-973E-3C55CA040B89}"
EndProject
Project("{9A19103F-16F7-4668-BE54-9A1E7A4F7556}") = "DotvvmAcademy", "src\DotvvmAcademy\DotvvmAcademy.csproj", "{AA2328C4-2812-4A53-B007-FF5C026AB0A7}"
EndProject
Project("{9A19103F-16F7-4668-BE54-9A1E7A4F7556}") = "DotvvmAcademy.BL", "src\DotvvmAcademy.BL\DotvvmAcademy.BL.csproj", "{8E719103-2FE4-4B6A-BC39-29CFB6F7491E}"
EndProject
Project("{9A19103F-16F7-4668-BE54-9A1E7A4F7556}") = "DotvvmAcademy.DAL", "src\DotvvmAcademy.DAL\DotvvmAcademy.DAL.csproj", "{1A5803EC-D126-4A34-ADDC-4B5F44FEFA19}"
EndProject
Project("{9A19103F-16F7-4668-BE54-9A1E7A4F7556}") = "DotvvmAcademy.Validation", "src\DotvvmAcademy.Validation\DotvvmAcademy.Validation.csproj", "{190E7B89-17D6-48CA-9AD5-63FF5ACF7865}"
EndProject
Project("{9A19103F-16F7-4668-BE54-9A1E7A4F7556}") = "DotvvmAcademy.Validation.CSharp", "src\DotvvmAcademy.Validation.CSharp\DotvvmAcademy.Validation.CSharp.csproj", "{D05A5F41-941A-4886-B984-0AD662ABCF96}"
EndProject
Project("{9A19103F-16F7-4668-BE54-9A1E7A4F7556}") = "DotvvmAcademy.Validation.Dothtml", "src\DotvvmAcademy.Validation.Dothtml\DotvvmAcademy.Validation.Dothtml.csproj", "{C4DDFB5E-43E7-4FBD-B1D1-F98A4BFF059D}"
EndProject
Project("{9A19103F-16F7-4668-BE54-9A1E7A4F7556}") = "DotvvmAcademy.CommonMark", "src\DotvvmAcademy.CommonMark\DotvvmAcademy.CommonMark.csproj", "{BD9B7F00-D37D-49E4-B6E0-FF7744B58CF5}"
EndProject
Project("{2150E333-8FDC-42A3-9474-1A3956D46DE8}") = "test", "test", "{09C26639-5C8F-48D3-B94E-6D4BFFEB8636}"
EndProject
Project("{9A19103F-16F7-4668-BE54-9A1E7A4F7556}") = "DotvvmAcademy.Validation.Tests", "test\DotvvmAcademy.Validation.Tests\DotvvmAcademy.Validation.Tests.csproj", "{DFB0EFCB-85DB-4E46-9EC8-8D3F437F5020}"
EndProject
Global
	GlobalSection(SolutionConfigurationPlatforms) = preSolution
		Debug|Any CPU = Debug|Any CPU
		Debug|x64 = Debug|x64
		Debug|x86 = Debug|x86
		Release|Any CPU = Release|Any CPU
		Release|x64 = Release|x64
		Release|x86 = Release|x86
	EndGlobalSection
	GlobalSection(ProjectConfigurationPlatforms) = postSolution
		{AA2328C4-2812-4A53-B007-FF5C026AB0A7}.Debug|Any CPU.ActiveCfg = Debug|Any CPU
		{AA2328C4-2812-4A53-B007-FF5C026AB0A7}.Debug|Any CPU.Build.0 = Debug|Any CPU
		{AA2328C4-2812-4A53-B007-FF5C026AB0A7}.Debug|x64.ActiveCfg = Debug|Any CPU
		{AA2328C4-2812-4A53-B007-FF5C026AB0A7}.Debug|x64.Build.0 = Debug|Any CPU
		{AA2328C4-2812-4A53-B007-FF5C026AB0A7}.Debug|x86.ActiveCfg = Debug|Any CPU
		{AA2328C4-2812-4A53-B007-FF5C026AB0A7}.Debug|x86.Build.0 = Debug|Any CPU
		{AA2328C4-2812-4A53-B007-FF5C026AB0A7}.Release|Any CPU.ActiveCfg = Release|Any CPU
		{AA2328C4-2812-4A53-B007-FF5C026AB0A7}.Release|Any CPU.Build.0 = Release|Any CPU
		{AA2328C4-2812-4A53-B007-FF5C026AB0A7}.Release|x64.ActiveCfg = Release|Any CPU
		{AA2328C4-2812-4A53-B007-FF5C026AB0A7}.Release|x64.Build.0 = Release|Any CPU
		{AA2328C4-2812-4A53-B007-FF5C026AB0A7}.Release|x86.ActiveCfg = Release|Any CPU
		{AA2328C4-2812-4A53-B007-FF5C026AB0A7}.Release|x86.Build.0 = Release|Any CPU
		{8E719103-2FE4-4B6A-BC39-29CFB6F7491E}.Debug|Any CPU.ActiveCfg = Debug|Any CPU
		{8E719103-2FE4-4B6A-BC39-29CFB6F7491E}.Debug|Any CPU.Build.0 = Debug|Any CPU
		{8E719103-2FE4-4B6A-BC39-29CFB6F7491E}.Debug|x64.ActiveCfg = Debug|Any CPU
		{8E719103-2FE4-4B6A-BC39-29CFB6F7491E}.Debug|x64.Build.0 = Debug|Any CPU
		{8E719103-2FE4-4B6A-BC39-29CFB6F7491E}.Debug|x86.ActiveCfg = Debug|Any CPU
		{8E719103-2FE4-4B6A-BC39-29CFB6F7491E}.Debug|x86.Build.0 = Debug|Any CPU
		{8E719103-2FE4-4B6A-BC39-29CFB6F7491E}.Release|Any CPU.ActiveCfg = Release|Any CPU
		{8E719103-2FE4-4B6A-BC39-29CFB6F7491E}.Release|Any CPU.Build.0 = Release|Any CPU
		{8E719103-2FE4-4B6A-BC39-29CFB6F7491E}.Release|x64.ActiveCfg = Release|Any CPU
		{8E719103-2FE4-4B6A-BC39-29CFB6F7491E}.Release|x64.Build.0 = Release|Any CPU
		{8E719103-2FE4-4B6A-BC39-29CFB6F7491E}.Release|x86.ActiveCfg = Release|Any CPU
		{8E719103-2FE4-4B6A-BC39-29CFB6F7491E}.Release|x86.Build.0 = Release|Any CPU
		{1A5803EC-D126-4A34-ADDC-4B5F44FEFA19}.Debug|Any CPU.ActiveCfg = Debug|Any CPU
		{1A5803EC-D126-4A34-ADDC-4B5F44FEFA19}.Debug|Any CPU.Build.0 = Debug|Any CPU
		{1A5803EC-D126-4A34-ADDC-4B5F44FEFA19}.Debug|x64.ActiveCfg = Debug|Any CPU
		{1A5803EC-D126-4A34-ADDC-4B5F44FEFA19}.Debug|x64.Build.0 = Debug|Any CPU
		{1A5803EC-D126-4A34-ADDC-4B5F44FEFA19}.Debug|x86.ActiveCfg = Debug|Any CPU
		{1A5803EC-D126-4A34-ADDC-4B5F44FEFA19}.Debug|x86.Build.0 = Debug|Any CPU
		{1A5803EC-D126-4A34-ADDC-4B5F44FEFA19}.Release|Any CPU.ActiveCfg = Release|Any CPU
		{1A5803EC-D126-4A34-ADDC-4B5F44FEFA19}.Release|Any CPU.Build.0 = Release|Any CPU
		{1A5803EC-D126-4A34-ADDC-4B5F44FEFA19}.Release|x64.ActiveCfg = Release|Any CPU
		{1A5803EC-D126-4A34-ADDC-4B5F44FEFA19}.Release|x64.Build.0 = Release|Any CPU
		{1A5803EC-D126-4A34-ADDC-4B5F44FEFA19}.Release|x86.ActiveCfg = Release|Any CPU
		{1A5803EC-D126-4A34-ADDC-4B5F44FEFA19}.Release|x86.Build.0 = Release|Any CPU
		{190E7B89-17D6-48CA-9AD5-63FF5ACF7865}.Debug|Any CPU.ActiveCfg = Debug|Any CPU
		{190E7B89-17D6-48CA-9AD5-63FF5ACF7865}.Debug|Any CPU.Build.0 = Debug|Any CPU
		{190E7B89-17D6-48CA-9AD5-63FF5ACF7865}.Debug|x64.ActiveCfg = Debug|Any CPU
		{190E7B89-17D6-48CA-9AD5-63FF5ACF7865}.Debug|x64.Build.0 = Debug|Any CPU
		{190E7B89-17D6-48CA-9AD5-63FF5ACF7865}.Debug|x86.ActiveCfg = Debug|Any CPU
		{190E7B89-17D6-48CA-9AD5-63FF5ACF7865}.Debug|x86.Build.0 = Debug|Any CPU
		{190E7B89-17D6-48CA-9AD5-63FF5ACF7865}.Release|Any CPU.ActiveCfg = Release|Any CPU
		{190E7B89-17D6-48CA-9AD5-63FF5ACF7865}.Release|Any CPU.Build.0 = Release|Any CPU
		{190E7B89-17D6-48CA-9AD5-63FF5ACF7865}.Release|x64.ActiveCfg = Release|Any CPU
		{190E7B89-17D6-48CA-9AD5-63FF5ACF7865}.Release|x64.Build.0 = Release|Any CPU
		{190E7B89-17D6-48CA-9AD5-63FF5ACF7865}.Release|x86.ActiveCfg = Release|Any CPU
		{190E7B89-17D6-48CA-9AD5-63FF5ACF7865}.Release|x86.Build.0 = Release|Any CPU
		{D05A5F41-941A-4886-B984-0AD662ABCF96}.Debug|Any CPU.ActiveCfg = Debug|Any CPU
		{D05A5F41-941A-4886-B984-0AD662ABCF96}.Debug|Any CPU.Build.0 = Debug|Any CPU
		{D05A5F41-941A-4886-B984-0AD662ABCF96}.Debug|x64.ActiveCfg = Debug|Any CPU
		{D05A5F41-941A-4886-B984-0AD662ABCF96}.Debug|x64.Build.0 = Debug|Any CPU
		{D05A5F41-941A-4886-B984-0AD662ABCF96}.Debug|x86.ActiveCfg = Debug|Any CPU
		{D05A5F41-941A-4886-B984-0AD662ABCF96}.Debug|x86.Build.0 = Debug|Any CPU
		{D05A5F41-941A-4886-B984-0AD662ABCF96}.Release|Any CPU.ActiveCfg = Release|Any CPU
		{D05A5F41-941A-4886-B984-0AD662ABCF96}.Release|Any CPU.Build.0 = Release|Any CPU
		{D05A5F41-941A-4886-B984-0AD662ABCF96}.Release|x64.ActiveCfg = Release|Any CPU
		{D05A5F41-941A-4886-B984-0AD662ABCF96}.Release|x64.Build.0 = Release|Any CPU
		{D05A5F41-941A-4886-B984-0AD662ABCF96}.Release|x86.ActiveCfg = Release|Any CPU
		{D05A5F41-941A-4886-B984-0AD662ABCF96}.Release|x86.Build.0 = Release|Any CPU
		{C4DDFB5E-43E7-4FBD-B1D1-F98A4BFF059D}.Debug|Any CPU.ActiveCfg = Debug|Any CPU
		{C4DDFB5E-43E7-4FBD-B1D1-F98A4BFF059D}.Debug|Any CPU.Build.0 = Debug|Any CPU
		{C4DDFB5E-43E7-4FBD-B1D1-F98A4BFF059D}.Debug|x64.ActiveCfg = Debug|Any CPU
		{C4DDFB5E-43E7-4FBD-B1D1-F98A4BFF059D}.Debug|x64.Build.0 = Debug|Any CPU
		{C4DDFB5E-43E7-4FBD-B1D1-F98A4BFF059D}.Debug|x86.ActiveCfg = Debug|Any CPU
		{C4DDFB5E-43E7-4FBD-B1D1-F98A4BFF059D}.Debug|x86.Build.0 = Debug|Any CPU
		{C4DDFB5E-43E7-4FBD-B1D1-F98A4BFF059D}.Release|Any CPU.ActiveCfg = Release|Any CPU
		{C4DDFB5E-43E7-4FBD-B1D1-F98A4BFF059D}.Release|Any CPU.Build.0 = Release|Any CPU
		{C4DDFB5E-43E7-4FBD-B1D1-F98A4BFF059D}.Release|x64.ActiveCfg = Release|Any CPU
		{C4DDFB5E-43E7-4FBD-B1D1-F98A4BFF059D}.Release|x64.Build.0 = Release|Any CPU
		{C4DDFB5E-43E7-4FBD-B1D1-F98A4BFF059D}.Release|x86.ActiveCfg = Release|Any CPU
		{C4DDFB5E-43E7-4FBD-B1D1-F98A4BFF059D}.Release|x86.Build.0 = Release|Any CPU
		{BD9B7F00-D37D-49E4-B6E0-FF7744B58CF5}.Debug|Any CPU.ActiveCfg = Debug|Any CPU
		{BD9B7F00-D37D-49E4-B6E0-FF7744B58CF5}.Debug|Any CPU.Build.0 = Debug|Any CPU
		{BD9B7F00-D37D-49E4-B6E0-FF7744B58CF5}.Debug|x64.ActiveCfg = Debug|Any CPU
		{BD9B7F00-D37D-49E4-B6E0-FF7744B58CF5}.Debug|x64.Build.0 = Debug|Any CPU
		{BD9B7F00-D37D-49E4-B6E0-FF7744B58CF5}.Debug|x86.ActiveCfg = Debug|Any CPU
		{BD9B7F00-D37D-49E4-B6E0-FF7744B58CF5}.Debug|x86.Build.0 = Debug|Any CPU
		{BD9B7F00-D37D-49E4-B6E0-FF7744B58CF5}.Release|Any CPU.ActiveCfg = Release|Any CPU
		{BD9B7F00-D37D-49E4-B6E0-FF7744B58CF5}.Release|Any CPU.Build.0 = Release|Any CPU
		{BD9B7F00-D37D-49E4-B6E0-FF7744B58CF5}.Release|x64.ActiveCfg = Release|Any CPU
		{BD9B7F00-D37D-49E4-B6E0-FF7744B58CF5}.Release|x64.Build.0 = Release|Any CPU
		{BD9B7F00-D37D-49E4-B6E0-FF7744B58CF5}.Release|x86.ActiveCfg = Release|Any CPU
		{BD9B7F00-D37D-49E4-B6E0-FF7744B58CF5}.Release|x86.Build.0 = Release|Any CPU
		{DFB0EFCB-85DB-4E46-9EC8-8D3F437F5020}.Debug|Any CPU.ActiveCfg = Debug|Any CPU
		{DFB0EFCB-85DB-4E46-9EC8-8D3F437F5020}.Debug|Any CPU.Build.0 = Debug|Any CPU
		{DFB0EFCB-85DB-4E46-9EC8-8D3F437F5020}.Debug|x64.ActiveCfg = Debug|Any CPU
		{DFB0EFCB-85DB-4E46-9EC8-8D3F437F5020}.Debug|x64.Build.0 = Debug|Any CPU
		{DFB0EFCB-85DB-4E46-9EC8-8D3F437F5020}.Debug|x86.ActiveCfg = Debug|Any CPU
		{DFB0EFCB-85DB-4E46-9EC8-8D3F437F5020}.Debug|x86.Build.0 = Debug|Any CPU
		{DFB0EFCB-85DB-4E46-9EC8-8D3F437F5020}.Release|Any CPU.ActiveCfg = Release|Any CPU
		{DFB0EFCB-85DB-4E46-9EC8-8D3F437F5020}.Release|Any CPU.Build.0 = Release|Any CPU
		{DFB0EFCB-85DB-4E46-9EC8-8D3F437F5020}.Release|x64.ActiveCfg = Release|Any CPU
		{DFB0EFCB-85DB-4E46-9EC8-8D3F437F5020}.Release|x64.Build.0 = Release|Any CPU
		{DFB0EFCB-85DB-4E46-9EC8-8D3F437F5020}.Release|x86.ActiveCfg = Release|Any CPU
		{DFB0EFCB-85DB-4E46-9EC8-8D3F437F5020}.Release|x86.Build.0 = Release|Any CPU
	EndGlobalSection
	GlobalSection(SolutionProperties) = preSolution
		HideSolutionNode = FALSE
	EndGlobalSection
	GlobalSection(NestedProjects) = preSolution
		{AA2328C4-2812-4A53-B007-FF5C026AB0A7} = {20E4F45A-93AD-4D07-973E-3C55CA040B89}
		{8E719103-2FE4-4B6A-BC39-29CFB6F7491E} = {20E4F45A-93AD-4D07-973E-3C55CA040B89}
		{1A5803EC-D126-4A34-ADDC-4B5F44FEFA19} = {20E4F45A-93AD-4D07-973E-3C55CA040B89}
		{190E7B89-17D6-48CA-9AD5-63FF5ACF7865} = {20E4F45A-93AD-4D07-973E-3C55CA040B89}
		{D05A5F41-941A-4886-B984-0AD662ABCF96} = {20E4F45A-93AD-4D07-973E-3C55CA040B89}
		{C4DDFB5E-43E7-4FBD-B1D1-F98A4BFF059D} = {20E4F45A-93AD-4D07-973E-3C55CA040B89}
		{BD9B7F00-D37D-49E4-B6E0-FF7744B58CF5} = {20E4F45A-93AD-4D07-973E-3C55CA040B89}
		{DFB0EFCB-85DB-4E46-9EC8-8D3F437F5020} = {09C26639-5C8F-48D3-B94E-6D4BFFEB8636}
	EndGlobalSection
	GlobalSection(ExtensibilityGlobals) = postSolution
		SolutionGuid = {3363B753-6091-4DB8-B5E7-679817C210B0}
	EndGlobalSection
	GlobalSection(SubversionScc) = preSolution
		Svn-Managed = True
		Manager = AnkhSVN - Subversion Support for Visual Studio
	EndGlobalSection
EndGlobal
